
Microsoft Visual Studio Solution File, Format Version 12.00
# Visual Studio Version 17
VisualStudioVersion = 17.8.34525.116
MinimumVisualStudioVersion = 10.0.40219.1
Project("{9A19103F-16F7-4668-BE54-9A1E7A4F7556}") = "Atlas_wpfc_test", "Atlas_wpfc_test\Atlas_wpfc_test.csproj", "{0F1C75AC-B972-48F5-8FD1-BED8D395DF8A}"
EndProject
Project("{FAE04EC0-301F-11D3-BF4B-00C04F79EFBC}") = "ImportTester", "ImportTester\ImportTester.csproj", "{E2964C2B-D7ED-4481-8E6D-77D4F56164AF}"
EndProject
Global
	GlobalSection(SolutionConfigurationPlatforms) = preSolution
		Debug|Any CPU = Debug|Any CPU
		Release|Any CPU = Release|Any CPU
	EndGlobalSection
	GlobalSection(ProjectConfigurationPlatforms) = postSolution
		{0F1C75AC-B972-48F5-8FD1-BED8D395DF8A}.Debug|Any CPU.ActiveCfg = Debug|Any CPU
		{0F1C75AC-B972-48F5-8FD1-BED8D395DF8A}.Debug|Any CPU.Build.0 = Debug|Any CPU
		{0F1C75AC-B972-48F5-8FD1-BED8D395DF8A}.Release|Any CPU.ActiveCfg = Release|Any CPU
		{0F1C75AC-B972-48F5-8FD1-BED8D395DF8A}.Release|Any CPU.Build.0 = Release|Any CPU
		{E2964C2B-D7ED-4481-8E6D-77D4F56164AF}.Debug|Any CPU.ActiveCfg = Debug|Any CPU
		{E2964C2B-D7ED-4481-8E6D-77D4F56164AF}.Debug|Any CPU.Build.0 = Debug|Any CPU
		{E2964C2B-D7ED-4481-8E6D-77D4F56164AF}.Release|Any CPU.ActiveCfg = Release|Any CPU
		{E2964C2B-D7ED-4481-8E6D-77D4F56164AF}.Release|Any CPU.Build.0 = Release|Any CPU
	EndGlobalSection
	GlobalSection(SolutionProperties) = preSolution
		HideSolutionNode = FALSE
	EndGlobalSection
	GlobalSection(ExtensibilityGlobals) = postSolution
		SolutionGuid = {9771C021-CE87-4C8C-9221-B4F84A5105E4}
	EndGlobalSection
EndGlobal
